
Microsoft Visual Studio Solution File, Format Version 12.00
# Visual Studio Version 17
VisualStudioVersion = 17.14.36518.9
MinimumVisualStudioVersion = 10.0.40219.1
Project("{2150E333-8FDC-42A3-9474-1A3956D46DE8}") = "Ecom.Api", "Ecom.Api", "{02EA681E-C7D8-13C7-8484-4AC65E1B71E8}"
EndProject
Project("{2150E333-8FDC-42A3-9474-1A3956D46DE8}") = "Ecom.Application", "Ecom.Application", "{1300D212-3DFA-4075-85A3-6BDE2EDBB4FB}"
EndProject
Project("{2150E333-8FDC-42A3-9474-1A3956D46DE8}") = "Ecom.Infrastructure", "Ecom.Infrastructure", "{BC67768C-7213-4319-A099-10E9F9728871}"
EndProject
Project("{2150E333-8FDC-42A3-9474-1A3956D46DE8}") = "Ecom.Domain", "Ecom.Domain", "{ADCD04F6-997F-4937-930B-16E969CAA6B8}"
EndProject
Project("{2150E333-8FDC-42A3-9474-1A3956D46DE8}") = "Ecom.Gateway", "Ecom.Gateway", "{CF347CB3-E952-4E2F-8A27-3AEF1744DB0E}"
EndProject
Project("{2150E333-8FDC-42A3-9474-1A3956D46DE8}") = "Ecom.Test", "Ecom.Test", "{980BF7F3-3F40-4BD7-B5C3-8A9CC77EEA74}"
EndProject
Project("{FAE04EC0-301F-11D3-BF4B-00C04F79EFBC}") = "Ecom.Application", "Ecom.Application\Ecom.Application.csproj", "{F60DF695-695E-4D7B-A4E1-2ED128409FE2}"
EndProject
Project("{FAE04EC0-301F-11D3-BF4B-00C04F79EFBC}") = "Ecom.Domain", "Ecom.Domain\Ecom.Domain.csproj", "{6A731C3D-1D0E-4359-B147-BBEE862E6418}"
EndProject
Project("{FAE04EC0-301F-11D3-BF4B-00C04F79EFBC}") = "Ecom.Infrastructure", "Ecom.Infrastructure\Ecom.Infrastructure.csproj", "{D323B30B-63FC-46C2-84BB-0C746F2C141F}"
EndProject
Project("{FAE04EC0-301F-11D3-BF4B-00C04F79EFBC}") = "Ecom.Gateway", "Ecom.Gateway\Ecom.Gateway.csproj", "{06143E5F-A73A-4569-87F9-AEA66FA4386C}"
EndProject
Project("{FAE04EC0-301F-11D3-BF4B-00C04F79EFBC}") = "Ecom.Test", "Ecom.Test\Ecom.Test.csproj", "{912A5178-1567-48A4-BCAF-FB2B3AFC89D6}"
EndProject
Project("{FAE04EC0-301F-11D3-BF4B-00C04F79EFBC}") = "CatalogService.Api", "Ecom.Api\CatalogService.Api\CatalogService.Api.csproj", "{A81F1B18-A895-4173-85A9-7137DC07F667}"
EndProject
Project("{FAE04EC0-301F-11D3-BF4B-00C04F79EFBC}") = "AuthService.Api", "Ecom.Api\AuthService.Api\AuthService.Api.csproj", "{A4B73ECE-8EC3-4F42-AB04-93CEA0DBA497}"
EndProject
Global
	GlobalSection(SolutionConfigurationPlatforms) = preSolution
		Debug|Any CPU = Debug|Any CPU
		Release|Any CPU = Release|Any CPU
	EndGlobalSection
	GlobalSection(ProjectConfigurationPlatforms) = postSolution
		{F60DF695-695E-4D7B-A4E1-2ED128409FE2}.Debug|Any CPU.ActiveCfg = Debug|Any CPU
		{F60DF695-695E-4D7B-A4E1-2ED128409FE2}.Debug|Any CPU.Build.0 = Debug|Any CPU
		{F60DF695-695E-4D7B-A4E1-2ED128409FE2}.Release|Any CPU.ActiveCfg = Release|Any CPU
		{F60DF695-695E-4D7B-A4E1-2ED128409FE2}.Release|Any CPU.Build.0 = Release|Any CPU
		{6A731C3D-1D0E-4359-B147-BBEE862E6418}.Debug|Any CPU.ActiveCfg = Debug|Any CPU
		{6A731C3D-1D0E-4359-B147-BBEE862E6418}.Debug|Any CPU.Build.0 = Debug|Any CPU
		{6A731C3D-1D0E-4359-B147-BBEE862E6418}.Release|Any CPU.ActiveCfg = Release|Any CPU
		{6A731C3D-1D0E-4359-B147-BBEE862E6418}.Release|Any CPU.Build.0 = Release|Any CPU
		{D323B30B-63FC-46C2-84BB-0C746F2C141F}.Debug|Any CPU.ActiveCfg = Debug|Any CPU
		{D323B30B-63FC-46C2-84BB-0C746F2C141F}.Debug|Any CPU.Build.0 = Debug|Any CPU
		{D323B30B-63FC-46C2-84BB-0C746F2C141F}.Release|Any CPU.ActiveCfg = Release|Any CPU
		{D323B30B-63FC-46C2-84BB-0C746F2C141F}.Release|Any CPU.Build.0 = Release|Any CPU
		{06143E5F-A73A-4569-87F9-AEA66FA4386C}.Debug|Any CPU.ActiveCfg = Debug|Any CPU
		{06143E5F-A73A-4569-87F9-AEA66FA4386C}.Debug|Any CPU.Build.0 = Debug|Any CPU
		{06143E5F-A73A-4569-87F9-AEA66FA4386C}.Release|Any CPU.ActiveCfg = Release|Any CPU
		{06143E5F-A73A-4569-87F9-AEA66FA4386C}.Release|Any CPU.Build.0 = Release|Any CPU
		{912A5178-1567-48A4-BCAF-FB2B3AFC89D6}.Debug|Any CPU.ActiveCfg = Debug|Any CPU
		{912A5178-1567-48A4-BCAF-FB2B3AFC89D6}.Debug|Any CPU.Build.0 = Debug|Any CPU
		{912A5178-1567-48A4-BCAF-FB2B3AFC89D6}.Release|Any CPU.ActiveCfg = Release|Any CPU
		{912A5178-1567-48A4-BCAF-FB2B3AFC89D6}.Release|Any CPU.Build.0 = Release|Any CPU
		{A81F1B18-A895-4173-85A9-7137DC07F667}.Debug|Any CPU.ActiveCfg = Debug|Any CPU
		{A81F1B18-A895-4173-85A9-7137DC07F667}.Debug|Any CPU.Build.0 = Debug|Any CPU
		{A81F1B18-A895-4173-85A9-7137DC07F667}.Release|Any CPU.ActiveCfg = Release|Any CPU
		{A81F1B18-A895-4173-85A9-7137DC07F667}.Release|Any CPU.Build.0 = Release|Any CPU
		{A4B73ECE-8EC3-4F42-AB04-93CEA0DBA497}.Debug|Any CPU.ActiveCfg = Debug|Any CPU
		{A4B73ECE-8EC3-4F42-AB04-93CEA0DBA497}.Debug|Any CPU.Build.0 = Debug|Any CPU
		{A4B73ECE-8EC3-4F42-AB04-93CEA0DBA497}.Release|Any CPU.ActiveCfg = Release|Any CPU
		{A4B73ECE-8EC3-4F42-AB04-93CEA0DBA497}.Release|Any CPU.Build.0 = Release|Any CPU
	EndGlobalSection
	GlobalSection(SolutionProperties) = preSolution
		HideSolutionNode = FALSE
	EndGlobalSection
	GlobalSection(NestedProjects) = preSolution
		{F60DF695-695E-4D7B-A4E1-2ED128409FE2} = {1300D212-3DFA-4075-85A3-6BDE2EDBB4FB}
		{6A731C3D-1D0E-4359-B147-BBEE862E6418} = {ADCD04F6-997F-4937-930B-16E969CAA6B8}
		{D323B30B-63FC-46C2-84BB-0C746F2C141F} = {BC67768C-7213-4319-A099-10E9F9728871}
		{06143E5F-A73A-4569-87F9-AEA66FA4386C} = {CF347CB3-E952-4E2F-8A27-3AEF1744DB0E}
		{912A5178-1567-48A4-BCAF-FB2B3AFC89D6} = {980BF7F3-3F40-4BD7-B5C3-8A9CC77EEA74}
		{A81F1B18-A895-4173-85A9-7137DC07F667} = {02EA681E-C7D8-13C7-8484-4AC65E1B71E8}
		{A4B73ECE-8EC3-4F42-AB04-93CEA0DBA497} = {02EA681E-C7D8-13C7-8484-4AC65E1B71E8}
	EndGlobalSection
	GlobalSection(ExtensibilityGlobals) = postSolution
		SolutionGuid = {0A82A5DA-9C21-4DAE-A434-8CA5FD96A2C5}
	EndGlobalSection
EndGlobal
